
Microsoft Visual Studio Solution File, Format Version 12.00
# Visual Studio Version 16
VisualStudioVersion = 16.0.33529.622
MinimumVisualStudioVersion = 10.0.40219.1
Project("{FAE04EC0-301F-11D3-BF4B-00C04F79EFBC}") = "TextAnalyticsService", "TextAnalyticsService\TextAnalyticsService.csproj", "{42B80B18-0FDA-4344-B4A3-FB8C580A0D50}"
EndProject
Global
	GlobalSection(SolutionConfigurationPlatforms) = preSolution
		Debug|Any CPU = Debug|Any CPU
		Release|Any CPU = Release|Any CPU
	EndGlobalSection
	GlobalSection(ProjectConfigurationPlatforms) = postSolution
		{42B80B18-0FDA-4344-B4A3-FB8C580A0D50}.Debug|Any CPU.ActiveCfg = Debug|Any CPU
		{42B80B18-0FDA-4344-B4A3-FB8C580A0D50}.Debug|Any CPU.Build.0 = Debug|Any CPU
		{42B80B18-0FDA-4344-B4A3-FB8C580A0D50}.Release|Any CPU.ActiveCfg = Release|Any CPU
		{42B80B18-0FDA-4344-B4A3-FB8C580A0D50}.Release|Any CPU.Build.0 = Release|Any CPU
	EndGlobalSection
	GlobalSection(SolutionProperties) = preSolution
		HideSolutionNode = FALSE
	EndGlobalSection
	GlobalSection(ExtensibilityGlobals) = postSolution
		SolutionGuid = {518945F9-9518-4A28-8948-CFB304440380}
	EndGlobalSection
EndGlobal
